# THIS IS AN AUTOGENERATED FILE. DO NOT EDIT THIS FILE DIRECTLY.
# yarn lockfile v1


bluebird-co@^2.2.0:
  version "2.2.0"
  resolved "https://registry.yarnpkg.com/bluebird-co/-/bluebird-co-2.2.0.tgz#e0a49e63b6b17e34c91f48b3934b769a377fbed7"
  integrity sha1-4KSeY7axfjTJH0izk0t2mjd/vtc=

bluebird@^3.5.1:
  version "3.7.2"
  resolved "https://registry.yarnpkg.com/bluebird/-/bluebird-3.7.2.tgz#9f229c15be272454ffa973ace0dbee79a1b0c36f"
  integrity sha512-XpNj6GDQzdfW+r2Wnn7xiSAd7TM3jzkxGXBGTtWKuSXv1xUV+azxAm8jdWZN06QTQk+2N2XB9jRDkvbmQmcRtg==

mp3-cutter@^1.0.6:
  version "1.0.6"
  resolved "https://registry.yarnpkg.com/mp3-cutter/-/mp3-cutter-1.0.6.tgz#f861f6be0b7e1bc89d9b1bb64f436b632bb55747"
  integrity sha512-5lEKhu9BFcf/9hZaiwGI5EFjL+ynwM9+IaDzxLTKgvG/JWJHLQgX65Xa/kOJgjJMNT1tuUkjpbjaiB735LFiyg==

mp3-duration@^1.1.0:
  version "1.1.0"
  resolved "https://registry.yarnpkg.com/mp3-duration/-/mp3-duration-1.1.0.tgz#c002e4e454448060873660abb4da7d10118d0e9c"
  integrity sha1-wALk5FREgGCHNmCrtNp9EBGNDpw=
  dependencies:
    bluebird "^3.5.1"
    bluebird-co "^2.2.0"
